
Microsoft Visual Studio Solution File, Format Version 12.00
# Visual Studio Version 16
VisualStudioVersion = 16.0.30611.23
MinimumVisualStudioVersion = 10.0.40219.1
Project("{9A19103F-16F7-4668-BE54-9A1E7A4F7556}") = "DistanceCalc", "DistanceCalc.csproj", "{A668EA63-42F3-46EB-904E-244EC936057E}"
EndProject
Project("{FAE04EC0-301F-11D3-BF4B-00C04F79EFBC}") = "DistanceCalcTests", "..\DistanceCalcTests\DistanceCalcTests.csproj", "{FE696621-9434-4648-A01D-3A4ADA981CCC}"
EndProject
Global
	GlobalSection(SolutionConfigurationPlatforms) = preSolution
		Debug|Any CPU = Debug|Any CPU
		Release|Any CPU = Release|Any CPU
	EndGlobalSection
	GlobalSection(ProjectConfigurationPlatforms) = postSolution
		{A668EA63-42F3-46EB-904E-244EC936057E}.Debug|Any CPU.ActiveCfg = Debug|Any CPU
		{A668EA63-42F3-46EB-904E-244EC936057E}.Debug|Any CPU.Build.0 = Debug|Any CPU
		{A668EA63-42F3-46EB-904E-244EC936057E}.Release|Any CPU.ActiveCfg = Release|Any CPU
		{A668EA63-42F3-46EB-904E-244EC936057E}.Release|Any CPU.Build.0 = Release|Any CPU
		{FE696621-9434-4648-A01D-3A4ADA981CCC}.Debug|Any CPU.ActiveCfg = Debug|Any CPU
		{FE696621-9434-4648-A01D-3A4ADA981CCC}.Debug|Any CPU.Build.0 = Debug|Any CPU
		{FE696621-9434-4648-A01D-3A4ADA981CCC}.Release|Any CPU.ActiveCfg = Release|Any CPU
		{FE696621-9434-4648-A01D-3A4ADA981CCC}.Release|Any CPU.Build.0 = Release|Any CPU
	EndGlobalSection
	GlobalSection(SolutionProperties) = preSolution
		HideSolutionNode = FALSE
	EndGlobalSection
	GlobalSection(ExtensibilityGlobals) = postSolution
		SolutionGuid = {C589497D-D40D-405E-ADD3-1E7FB9F627A0}
	EndGlobalSection
EndGlobal
